
Microsoft Visual Studio Solution File, Format Version 12.00
# Visual Studio Version 17
VisualStudioVersion = 17.3.32901.215
MinimumVisualStudioVersion = 10.0.40219.1
Project("{9A19103F-16F7-4668-BE54-9A1E7A4F7556}") = "AdapterPattern", "AdapterPattern\AdapterPattern.csproj", "{852E0BB9-D964-4F66-B823-1B0493797D94}"
EndProject
Project("{FAE04EC0-301F-11D3-BF4B-00C04F79EFBC}") = "FacadePattern", "FacadePattern\FacadePattern.csproj", "{C3985C3D-2159-4382-BC5F-FC2C0070D180}"
EndProject
Global
	GlobalSection(SolutionConfigurationPlatforms) = preSolution
		Debug|Any CPU = Debug|Any CPU
		Release|Any CPU = Release|Any CPU
	EndGlobalSection
	GlobalSection(ProjectConfigurationPlatforms) = postSolution
		{852E0BB9-D964-4F66-B823-1B0493797D94}.Debug|Any CPU.ActiveCfg = Debug|Any CPU
		{852E0BB9-D964-4F66-B823-1B0493797D94}.Debug|Any CPU.Build.0 = Debug|Any CPU
		{852E0BB9-D964-4F66-B823-1B0493797D94}.Release|Any CPU.ActiveCfg = Release|Any CPU
		{852E0BB9-D964-4F66-B823-1B0493797D94}.Release|Any CPU.Build.0 = Release|Any CPU
		{C3985C3D-2159-4382-BC5F-FC2C0070D180}.Debug|Any CPU.ActiveCfg = Debug|Any CPU
		{C3985C3D-2159-4382-BC5F-FC2C0070D180}.Debug|Any CPU.Build.0 = Debug|Any CPU
		{C3985C3D-2159-4382-BC5F-FC2C0070D180}.Release|Any CPU.ActiveCfg = Release|Any CPU
		{C3985C3D-2159-4382-BC5F-FC2C0070D180}.Release|Any CPU.Build.0 = Release|Any CPU
	EndGlobalSection
	GlobalSection(SolutionProperties) = preSolution
		HideSolutionNode = FALSE
	EndGlobalSection
	GlobalSection(ExtensibilityGlobals) = postSolution
		SolutionGuid = {874E4F48-3CF8-466D-A3D0-9E90561B1DC6}
	EndGlobalSection
EndGlobal
